
Microsoft Visual Studio Solution File, Format Version 12.00
# Visual Studio Version 17
VisualStudioVersion = 17.0.31903.59
MinimumVisualStudioVersion = 10.0.40219.1
Project("{9A19103F-16F7-4668-BE54-9A1E7A4F7556}") = "CubaseProjectPlugins", "CubaseProjectPlugins\CubaseProjectPlugins.csproj", "{D0820A56-E12A-4742-9130-D622AD14DDA3}"
EndProject
Project("{2150E333-8FDC-42A3-9474-1A3956D46DE8}") = "Solution Items", "Solution Items", "{A8FA2591-35ED-4FC7-8E27-015FFE2AB71D}"
	ProjectSection(SolutionItems) = preProject
		.editorconfig = .editorconfig
		config.sample.toml = config.sample.toml
	EndProjectSection
EndProject
Global
	GlobalSection(SolutionConfigurationPlatforms) = preSolution
		Debug|Any CPU = Debug|Any CPU
		Release|Any CPU = Release|Any CPU
	EndGlobalSection
	GlobalSection(ProjectConfigurationPlatforms) = postSolution
		{D0820A56-E12A-4742-9130-D622AD14DDA3}.Debug|Any CPU.ActiveCfg = Debug|Any CPU
		{D0820A56-E12A-4742-9130-D622AD14DDA3}.Debug|Any CPU.Build.0 = Debug|Any CPU
		{D0820A56-E12A-4742-9130-D622AD14DDA3}.Release|Any CPU.ActiveCfg = Release|Any CPU
		{D0820A56-E12A-4742-9130-D622AD14DDA3}.Release|Any CPU.Build.0 = Release|Any CPU
	EndGlobalSection
	GlobalSection(SolutionProperties) = preSolution
		HideSolutionNode = FALSE
	EndGlobalSection
	GlobalSection(ExtensibilityGlobals) = postSolution
		SolutionGuid = {A2374E04-CC67-4051-A6E4-2B664DD7B38D}
	EndGlobalSection
EndGlobal
